
Microsoft Visual Studio Solution File, Format Version 12.00
# Visual Studio Version 17
VisualStudioVersion = 17.5.002.0
MinimumVisualStudioVersion = 10.0.40219.1
Project("{2150E333-8FDC-42A3-9474-1A3956D46DE8}") = "prepare", "prepare", "{316BFD70-AD13-4859-B0C2-506C0577AC2E}"
EndProject
Project("{9A19103F-16F7-4668-BE54-9A1E7A4F7556}") = "Learning02", "prepare\Learning02\Learning02.csproj", "{1A32365F-B01B-4077-9C08-2F24A5AA3344}"
EndProject
Project("{9A19103F-16F7-4668-BE54-9A1E7A4F7556}") = "Learning05", "prepare\Learning05\Learning05.csproj", "{336A813D-F7AE-42C7-85BE-2B71977F596C}"
EndProject
Project("{9A19103F-16F7-4668-BE54-9A1E7A4F7556}") = "Learning04", "prepare\Learning04\Learning04.csproj", "{9E527A9A-9531-496D-AB83-C0809063600A}"
EndProject
Project("{9A19103F-16F7-4668-BE54-9A1E7A4F7556}") = "Learning03", "prepare\Learning03\Learning03.csproj", "{23F5B96A-88F7-4E11-9653-DCF0B4B1C000}"
EndProject
Project("{2150E333-8FDC-42A3-9474-1A3956D46DE8}") = "prove", "prove", "{DE29C60B-FDAA-4DB3-BC8D-5C0C7DB9DD3B}"
EndProject
Project("{9A19103F-16F7-4668-BE54-9A1E7A4F7556}") = "Develop03", "prove\Develop03\Develop03.csproj", "{57B745A2-D407-4374-8B8A-97A2EA884DB9}"
EndProject
Project("{9A19103F-16F7-4668-BE54-9A1E7A4F7556}") = "Develop04", "prove\Develop04\Develop04.csproj", "{975A10B6-5BCF-4384-8FF1-A46CC973BA21}"
EndProject
Project("{9A19103F-16F7-4668-BE54-9A1E7A4F7556}") = "Develop05", "prove\Develop05\Develop05.csproj", "{E809FD0C-D157-47FA-A048-5EC9B1287977}"
EndProject
Project("{9A19103F-16F7-4668-BE54-9A1E7A4F7556}") = "Develop02", "prove\Develop02\Develop02.csproj", "{B8BC59F7-3911-4CD8-82FA-9862F0C79D79}"
EndProject
Project("{2150E333-8FDC-42A3-9474-1A3956D46DE8}") = "sandbox", "sandbox", "{A6CBFDE8-78A2-486D-8BEF-99A9A22993C4}"
EndProject
Project("{9A19103F-16F7-4668-BE54-9A1E7A4F7556}") = "Sandbox", "sandbox\Sandbox\Sandbox.csproj", "{C2FE0EBC-58E6-474D-9C24-A018DF6EF0AE}"
EndProject
Project("{2150E333-8FDC-42A3-9474-1A3956D46DE8}") = "final", "final", "{961302A4-A3E1-4B36-8EB3-73265418B150}"
EndProject
Project("{9A19103F-16F7-4668-BE54-9A1E7A4F7556}") = "FinalProject", "final\FinalProject\FinalProject.csproj", "{00D3DD79-2D94-4F8D-B9BA-26F39A0C3254}"
EndProject
Project("{9A19103F-16F7-4668-BE54-9A1E7A4F7556}") = "Foundation1", "final\Foundation1\Foundation1.csproj", "{5748305E-94C4-4ABD-9E81-572CD40FEAB6}"
EndProject
Project("{9A19103F-16F7-4668-BE54-9A1E7A4F7556}") = "Foundation4", "final\Foundation4\Foundation4.csproj", "{0287F0EC-3E90-4F61-B2E7-A600A4030C98}"
EndProject
Project("{9A19103F-16F7-4668-BE54-9A1E7A4F7556}") = "Foundation3", "final\Foundation3\Foundation3.csproj", "{3D15D197-645C-4AC0-8E54-2E3731EA2626}"
EndProject
Project("{9A19103F-16F7-4668-BE54-9A1E7A4F7556}") = "Foundation2", "final\Foundation2\Foundation2.csproj", "{20EBAFDC-0931-47B1-87C1-5565EF4BD353}"
EndProject
Project("{2150E333-8FDC-42A3-9474-1A3956D46DE8}") = "csharp-prep", "csharp-prep", "{A156CBDC-D385-4A48-8918-F7835D6559EE}"
EndProject
Project("{9A19103F-16F7-4668-BE54-9A1E7A4F7556}") = "Prep1", "csharp-prep\Prep1\Prep1.csproj", "{3EADEF54-FAD1-46B1-AD01-15DA65243F3A}"
EndProject
Project("{9A19103F-16F7-4668-BE54-9A1E7A4F7556}") = "Prep5", "csharp-prep\Prep5\Prep5.csproj", "{08E44D15-6AD6-4D1A-94F1-404B79813D2B}"
EndProject
Project("{9A19103F-16F7-4668-BE54-9A1E7A4F7556}") = "Prep2", "csharp-prep\Prep2\Prep2.csproj", "{1D93EE09-C124-4BF9-88D0-E1BB3B1ACB13}"
EndProject
Project("{9A19103F-16F7-4668-BE54-9A1E7A4F7556}") = "Prep3", "csharp-prep\Prep3\Prep3.csproj", "{CD5EA0F7-E253-47AD-A56D-DFA068F87D3D}"
EndProject
Project("{9A19103F-16F7-4668-BE54-9A1E7A4F7556}") = "Prep4", "csharp-prep\Prep4\Prep4.csproj", "{74382DE1-CE26-4D14-BA3B-5FDDA85295AA}"
EndProject
Global
	GlobalSection(SolutionConfigurationPlatforms) = preSolution
		Debug|Any CPU = Debug|Any CPU
		Release|Any CPU = Release|Any CPU
	EndGlobalSection
	GlobalSection(ProjectConfigurationPlatforms) = postSolution
		{1A32365F-B01B-4077-9C08-2F24A5AA3344}.Debug|Any CPU.ActiveCfg = Debug|Any CPU
		{1A32365F-B01B-4077-9C08-2F24A5AA3344}.Debug|Any CPU.Build.0 = Debug|Any CPU
		{1A32365F-B01B-4077-9C08-2F24A5AA3344}.Release|Any CPU.ActiveCfg = Release|Any CPU
		{1A32365F-B01B-4077-9C08-2F24A5AA3344}.Release|Any CPU.Build.0 = Release|Any CPU
		{336A813D-F7AE-42C7-85BE-2B71977F596C}.Debug|Any CPU.ActiveCfg = Debug|Any CPU
		{336A813D-F7AE-42C7-85BE-2B71977F596C}.Debug|Any CPU.Build.0 = Debug|Any CPU
		{336A813D-F7AE-42C7-85BE-2B71977F596C}.Release|Any CPU.ActiveCfg = Release|Any CPU
		{336A813D-F7AE-42C7-85BE-2B71977F596C}.Release|Any CPU.Build.0 = Release|Any CPU
		{9E527A9A-9531-496D-AB83-C0809063600A}.Debug|Any CPU.ActiveCfg = Debug|Any CPU
		{9E527A9A-9531-496D-AB83-C0809063600A}.Debug|Any CPU.Build.0 = Debug|Any CPU
		{9E527A9A-9531-496D-AB83-C0809063600A}.Release|Any CPU.ActiveCfg = Release|Any CPU
		{9E527A9A-9531-496D-AB83-C0809063600A}.Release|Any CPU.Build.0 = Release|Any CPU
		{23F5B96A-88F7-4E11-9653-DCF0B4B1C000}.Debug|Any CPU.ActiveCfg = Debug|Any CPU
		{23F5B96A-88F7-4E11-9653-DCF0B4B1C000}.Debug|Any CPU.Build.0 = Debug|Any CPU
		{23F5B96A-88F7-4E11-9653-DCF0B4B1C000}.Release|Any CPU.ActiveCfg = Release|Any CPU
		{23F5B96A-88F7-4E11-9653-DCF0B4B1C000}.Release|Any CPU.Build.0 = Release|Any CPU
		{57B745A2-D407-4374-8B8A-97A2EA884DB9}.Debug|Any CPU.ActiveCfg = Debug|Any CPU
		{57B745A2-D407-4374-8B8A-97A2EA884DB9}.Debug|Any CPU.Build.0 = Debug|Any CPU
		{57B745A2-D407-4374-8B8A-97A2EA884DB9}.Release|Any CPU.ActiveCfg = Release|Any CPU
		{57B745A2-D407-4374-8B8A-97A2EA884DB9}.Release|Any CPU.Build.0 = Release|Any CPU
		{975A10B6-5BCF-4384-8FF1-A46CC973BA21}.Debug|Any CPU.ActiveCfg = Debug|Any CPU
		{975A10B6-5BCF-4384-8FF1-A46CC973BA21}.Debug|Any CPU.Build.0 = Debug|Any CPU
		{975A10B6-5BCF-4384-8FF1-A46CC973BA21}.Release|Any CPU.ActiveCfg = Release|Any CPU
		{975A10B6-5BCF-4384-8FF1-A46CC973BA21}.Release|Any CPU.Build.0 = Release|Any CPU
		{E809FD0C-D157-47FA-A048-5EC9B1287977}.Debug|Any CPU.ActiveCfg = Debug|Any CPU
		{E809FD0C-D157-47FA-A048-5EC9B1287977}.Debug|Any CPU.Build.0 = Debug|Any CPU
		{E809FD0C-D157-47FA-A048-5EC9B1287977}.Release|Any CPU.ActiveCfg = Release|Any CPU
		{E809FD0C-D157-47FA-A048-5EC9B1287977}.Release|Any CPU.Build.0 = Release|Any CPU
		{B8BC59F7-3911-4CD8-82FA-9862F0C79D79}.Debug|Any CPU.ActiveCfg = Debug|Any CPU
		{B8BC59F7-3911-4CD8-82FA-9862F0C79D79}.Debug|Any CPU.Build.0 = Debug|Any CPU
		{B8BC59F7-3911-4CD8-82FA-9862F0C79D79}.Release|Any CPU.ActiveCfg = Release|Any CPU
		{B8BC59F7-3911-4CD8-82FA-9862F0C79D79}.Release|Any CPU.Build.0 = Release|Any CPU
		{C2FE0EBC-58E6-474D-9C24-A018DF6EF0AE}.Debug|Any CPU.ActiveCfg = Debug|Any CPU
		{C2FE0EBC-58E6-474D-9C24-A018DF6EF0AE}.Debug|Any CPU.Build.0 = Debug|Any CPU
		{C2FE0EBC-58E6-474D-9C24-A018DF6EF0AE}.Release|Any CPU.ActiveCfg = Release|Any CPU
		{C2FE0EBC-58E6-474D-9C24-A018DF6EF0AE}.Release|Any CPU.Build.0 = Release|Any CPU
		{00D3DD79-2D94-4F8D-B9BA-26F39A0C3254}.Debug|Any CPU.ActiveCfg = Debug|Any CPU
		{00D3DD79-2D94-4F8D-B9BA-26F39A0C3254}.Debug|Any CPU.Build.0 = Debug|Any CPU
		{00D3DD79-2D94-4F8D-B9BA-26F39A0C3254}.Release|Any CPU.ActiveCfg = Release|Any CPU
		{00D3DD79-2D94-4F8D-B9BA-26F39A0C3254}.Release|Any CPU.Build.0 = Release|Any CPU
		{5748305E-94C4-4ABD-9E81-572CD40FEAB6}.Debug|Any CPU.ActiveCfg = Debug|Any CPU
		{5748305E-94C4-4ABD-9E81-572CD40FEAB6}.Debug|Any CPU.Build.0 = Debug|Any CPU
		{5748305E-94C4-4ABD-9E81-572CD40FEAB6}.Release|Any CPU.ActiveCfg = Release|Any CPU
		{5748305E-94C4-4ABD-9E81-572CD40FEAB6}.Release|Any CPU.Build.0 = Release|Any CPU
		{0287F0EC-3E90-4F61-B2E7-A600A4030C98}.Debug|Any CPU.ActiveCfg = Debug|Any CPU
		{0287F0EC-3E90-4F61-B2E7-A600A4030C98}.Debug|Any CPU.Build.0 = Debug|Any CPU
		{0287F0EC-3E90-4F61-B2E7-A600A4030C98}.Release|Any CPU.ActiveCfg = Release|Any CPU
		{0287F0EC-3E90-4F61-B2E7-A600A4030C98}.Release|Any CPU.Build.0 = Release|Any CPU
		{3D15D197-645C-4AC0-8E54-2E3731EA2626}.Debug|Any CPU.ActiveCfg = Debug|Any CPU
		{3D15D197-645C-4AC0-8E54-2E3731EA2626}.Debug|Any CPU.Build.0 = Debug|Any CPU
		{3D15D197-645C-4AC0-8E54-2E3731EA2626}.Release|Any CPU.ActiveCfg = Release|Any CPU
		{3D15D197-645C-4AC0-8E54-2E3731EA2626}.Release|Any CPU.Build.0 = Release|Any CPU
		{20EBAFDC-0931-47B1-87C1-5565EF4BD353}.Debug|Any CPU.ActiveCfg = Debug|Any CPU
		{20EBAFDC-0931-47B1-87C1-5565EF4BD353}.Debug|Any CPU.Build.0 = Debug|Any CPU
		{20EBAFDC-0931-47B1-87C1-5565EF4BD353}.Release|Any CPU.ActiveCfg = Release|Any CPU
		{20EBAFDC-0931-47B1-87C1-5565EF4BD353}.Release|Any CPU.Build.0 = Release|Any CPU
		{3EADEF54-FAD1-46B1-AD01-15DA65243F3A}.Debug|Any CPU.ActiveCfg = Debug|Any CPU
		{3EADEF54-FAD1-46B1-AD01-15DA65243F3A}.Debug|Any CPU.Build.0 = Debug|Any CPU
		{3EADEF54-FAD1-46B1-AD01-15DA65243F3A}.Release|Any CPU.ActiveCfg = Release|Any CPU
		{3EADEF54-FAD1-46B1-AD01-15DA65243F3A}.Release|Any CPU.Build.0 = Release|Any CPU
		{08E44D15-6AD6-4D1A-94F1-404B79813D2B}.Debug|Any CPU.ActiveCfg = Debug|Any CPU
		{08E44D15-6AD6-4D1A-94F1-404B79813D2B}.Debug|Any CPU.Build.0 = Debug|Any CPU
		{08E44D15-6AD6-4D1A-94F1-404B79813D2B}.Release|Any CPU.ActiveCfg = Release|Any CPU
		{08E44D15-6AD6-4D1A-94F1-404B79813D2B}.Release|Any CPU.Build.0 = Release|Any CPU
		{1D93EE09-C124-4BF9-88D0-E1BB3B1ACB13}.Debug|Any CPU.ActiveCfg = Debug|Any CPU
		{1D93EE09-C124-4BF9-88D0-E1BB3B1ACB13}.Debug|Any CPU.Build.0 = Debug|Any CPU
		{1D93EE09-C124-4BF9-88D0-E1BB3B1ACB13}.Release|Any CPU.ActiveCfg = Release|Any CPU
		{1D93EE09-C124-4BF9-88D0-E1BB3B1ACB13}.Release|Any CPU.Build.0 = Release|Any CPU
		{CD5EA0F7-E253-47AD-A56D-DFA068F87D3D}.Debug|Any CPU.ActiveCfg = Debug|Any CPU
		{CD5EA0F7-E253-47AD-A56D-DFA068F87D3D}.Debug|Any CPU.Build.0 = Debug|Any CPU
		{CD5EA0F7-E253-47AD-A56D-DFA068F87D3D}.Release|Any CPU.ActiveCfg = Release|Any CPU
		{CD5EA0F7-E253-47AD-A56D-DFA068F87D3D}.Release|Any CPU.Build.0 = Release|Any CPU
		{74382DE1-CE26-4D14-BA3B-5FDDA85295AA}.Debug|Any CPU.ActiveCfg = Debug|Any CPU
		{74382DE1-CE26-4D14-BA3B-5FDDA85295AA}.Debug|Any CPU.Build.0 = Debug|Any CPU
		{74382DE1-CE26-4D14-BA3B-5FDDA85295AA}.Release|Any CPU.ActiveCfg = Release|Any CPU
		{74382DE1-CE26-4D14-BA3B-5FDDA85295AA}.Release|Any CPU.Build.0 = Release|Any CPU
	EndGlobalSection
	GlobalSection(SolutionProperties) = preSolution
		HideSolutionNode = FALSE
	EndGlobalSection
	GlobalSection(NestedProjects) = preSolution
		{1A32365F-B01B-4077-9C08-2F24A5AA3344} = {316BFD70-AD13-4859-B0C2-506C0577AC2E}
		{336A813D-F7AE-42C7-85BE-2B71977F596C} = {316BFD70-AD13-4859-B0C2-506C0577AC2E}
		{9E527A9A-9531-496D-AB83-C0809063600A} = {316BFD70-AD13-4859-B0C2-506C0577AC2E}
		{23F5B96A-88F7-4E11-9653-DCF0B4B1C000} = {316BFD70-AD13-4859-B0C2-506C0577AC2E}
		{57B745A2-D407-4374-8B8A-97A2EA884DB9} = {DE29C60B-FDAA-4DB3-BC8D-5C0C7DB9DD3B}
		{975A10B6-5BCF-4384-8FF1-A46CC973BA21} = {DE29C60B-FDAA-4DB3-BC8D-5C0C7DB9DD3B}
		{E809FD0C-D157-47FA-A048-5EC9B1287977} = {DE29C60B-FDAA-4DB3-BC8D-5C0C7DB9DD3B}
		{B8BC59F7-3911-4CD8-82FA-9862F0C79D79} = {DE29C60B-FDAA-4DB3-BC8D-5C0C7DB9DD3B}
		{C2FE0EBC-58E6-474D-9C24-A018DF6EF0AE} = {A6CBFDE8-78A2-486D-8BEF-99A9A22993C4}
		{00D3DD79-2D94-4F8D-B9BA-26F39A0C3254} = {961302A4-A3E1-4B36-8EB3-73265418B150}
		{5748305E-94C4-4ABD-9E81-572CD40FEAB6} = {961302A4-A3E1-4B36-8EB3-73265418B150}
		{0287F0EC-3E90-4F61-B2E7-A600A4030C98} = {961302A4-A3E1-4B36-8EB3-73265418B150}
		{3D15D197-645C-4AC0-8E54-2E3731EA2626} = {961302A4-A3E1-4B36-8EB3-73265418B150}
		{20EBAFDC-0931-47B1-87C1-5565EF4BD353} = {961302A4-A3E1-4B36-8EB3-73265418B150}
		{3EADEF54-FAD1-46B1-AD01-15DA65243F3A} = {A156CBDC-D385-4A48-8918-F7835D6559EE}
		{08E44D15-6AD6-4D1A-94F1-404B79813D2B} = {A156CBDC-D385-4A48-8918-F7835D6559EE}
		{1D93EE09-C124-4BF9-88D0-E1BB3B1ACB13} = {A156CBDC-D385-4A48-8918-F7835D6559EE}
		{CD5EA0F7-E253-47AD-A56D-DFA068F87D3D} = {A156CBDC-D385-4A48-8918-F7835D6559EE}
		{74382DE1-CE26-4D14-BA3B-5FDDA85295AA} = {A156CBDC-D385-4A48-8918-F7835D6559EE}
	EndGlobalSection
	GlobalSection(ExtensibilityGlobals) = postSolution
		SolutionGuid = {B759C0AB-D9AB-4379-B038-771ABCA589A1}
	EndGlobalSection
EndGlobal
